
Microsoft Visual Studio Solution File, Format Version 12.00
Project("{FAE04EC0-301F-11D3-BF4B-00C04F79EFBC}") = "Models", "Models\Models.csproj", "{17177760-35DB-4F8B-B471-9F9594551E65}"
EndProject
Project("{FAE04EC0-301F-11D3-BF4B-00C04F79EFBC}") = "HttpClientGenerator", "HttpClientGenerator\HttpClientGenerator.csproj", "{610B5C12-B6FB-4456-8644-4C88A20101BD}"
EndProject
Project("{2150E333-8FDC-42A3-9474-1A3956D46DE8}") = "Demonstration", "Demonstration", "{0391A96A-0375-4C67-A374-D2C11441A793}"
EndProject
Project("{FAE04EC0-301F-11D3-BF4B-00C04F79EFBC}") = "Demonstration.Api", "Demonstration\Demonstration.Api\Demonstration.Api.csproj", "{7021F4DE-6244-44D4-B61B-C9AC375DAA07}"
EndProject
Project("{FAE04EC0-301F-11D3-BF4B-00C04F79EFBC}") = "Demonstration.Api.Dto", "Demonstration\Demonstration.Api.Dto\Demonstration.Api.Dto.csproj", "{D35462D1-03A4-4E7A-A0E2-E0970507DC9C}"
EndProject
Project("{FAE04EC0-301F-11D3-BF4B-00C04F79EFBC}") = "Demonstration.Api.Client.RestSharpExample", "Demonstration\Demonstration.Api.Client.RestSharpExample\Demonstration.Api.Client.RestSharpExample.csproj", "{C5B0F3F3-BCE6-4D63-94AA-EF176C145FA7}"
EndProject
Project("{FAE04EC0-301F-11D3-BF4B-00C04F79EFBC}") = "Demonstration", "Demonstration\Demonstration\Demonstration.csproj", "{96CA40E9-2E08-4D71-807A-221ABC5B59E0}"
EndProject
Project("{FAE04EC0-301F-11D3-BF4B-00C04F79EFBC}") = "Demonstration.Api.Client.HttpClientExample", "Demonstration\Demonstration.Api.Client.HttpClientExample\Demonstration.Api.Client.HttpClientExample.csproj", "{BE147BA0-E0A4-4EE3-BC59-1D9E076499DB}"
EndProject
Global
	GlobalSection(SolutionConfigurationPlatforms) = preSolution
		Debug|Any CPU = Debug|Any CPU
		Release|Any CPU = Release|Any CPU
	EndGlobalSection
	GlobalSection(ProjectConfigurationPlatforms) = postSolution
		{17177760-35DB-4F8B-B471-9F9594551E65}.Debug|Any CPU.ActiveCfg = Debug|Any CPU
		{17177760-35DB-4F8B-B471-9F9594551E65}.Debug|Any CPU.Build.0 = Debug|Any CPU
		{17177760-35DB-4F8B-B471-9F9594551E65}.Release|Any CPU.ActiveCfg = Release|Any CPU
		{17177760-35DB-4F8B-B471-9F9594551E65}.Release|Any CPU.Build.0 = Release|Any CPU
		{610B5C12-B6FB-4456-8644-4C88A20101BD}.Debug|Any CPU.ActiveCfg = Debug|Any CPU
		{610B5C12-B6FB-4456-8644-4C88A20101BD}.Debug|Any CPU.Build.0 = Debug|Any CPU
		{610B5C12-B6FB-4456-8644-4C88A20101BD}.Release|Any CPU.ActiveCfg = Release|Any CPU
		{610B5C12-B6FB-4456-8644-4C88A20101BD}.Release|Any CPU.Build.0 = Release|Any CPU
		{7021F4DE-6244-44D4-B61B-C9AC375DAA07}.Debug|Any CPU.ActiveCfg = Debug|Any CPU
		{7021F4DE-6244-44D4-B61B-C9AC375DAA07}.Debug|Any CPU.Build.0 = Debug|Any CPU
		{7021F4DE-6244-44D4-B61B-C9AC375DAA07}.Release|Any CPU.ActiveCfg = Release|Any CPU
		{7021F4DE-6244-44D4-B61B-C9AC375DAA07}.Release|Any CPU.Build.0 = Release|Any CPU
		{D35462D1-03A4-4E7A-A0E2-E0970507DC9C}.Debug|Any CPU.ActiveCfg = Debug|Any CPU
		{D35462D1-03A4-4E7A-A0E2-E0970507DC9C}.Debug|Any CPU.Build.0 = Debug|Any CPU
		{D35462D1-03A4-4E7A-A0E2-E0970507DC9C}.Release|Any CPU.ActiveCfg = Release|Any CPU
		{D35462D1-03A4-4E7A-A0E2-E0970507DC9C}.Release|Any CPU.Build.0 = Release|Any CPU
		{C5B0F3F3-BCE6-4D63-94AA-EF176C145FA7}.Debug|Any CPU.ActiveCfg = Debug|Any CPU
		{C5B0F3F3-BCE6-4D63-94AA-EF176C145FA7}.Debug|Any CPU.Build.0 = Debug|Any CPU
		{C5B0F3F3-BCE6-4D63-94AA-EF176C145FA7}.Release|Any CPU.ActiveCfg = Release|Any CPU
		{C5B0F3F3-BCE6-4D63-94AA-EF176C145FA7}.Release|Any CPU.Build.0 = Release|Any CPU
		{96CA40E9-2E08-4D71-807A-221ABC5B59E0}.Debug|Any CPU.ActiveCfg = Debug|Any CPU
		{96CA40E9-2E08-4D71-807A-221ABC5B59E0}.Debug|Any CPU.Build.0 = Debug|Any CPU
		{96CA40E9-2E08-4D71-807A-221ABC5B59E0}.Release|Any CPU.ActiveCfg = Release|Any CPU
		{96CA40E9-2E08-4D71-807A-221ABC5B59E0}.Release|Any CPU.Build.0 = Release|Any CPU
		{BE147BA0-E0A4-4EE3-BC59-1D9E076499DB}.Debug|Any CPU.ActiveCfg = Debug|Any CPU
		{BE147BA0-E0A4-4EE3-BC59-1D9E076499DB}.Debug|Any CPU.Build.0 = Debug|Any CPU
		{BE147BA0-E0A4-4EE3-BC59-1D9E076499DB}.Release|Any CPU.ActiveCfg = Release|Any CPU
		{BE147BA0-E0A4-4EE3-BC59-1D9E076499DB}.Release|Any CPU.Build.0 = Release|Any CPU
	EndGlobalSection
	GlobalSection(NestedProjects) = preSolution
		{7021F4DE-6244-44D4-B61B-C9AC375DAA07} = {0391A96A-0375-4C67-A374-D2C11441A793}
		{D35462D1-03A4-4E7A-A0E2-E0970507DC9C} = {0391A96A-0375-4C67-A374-D2C11441A793}
		{C5B0F3F3-BCE6-4D63-94AA-EF176C145FA7} = {0391A96A-0375-4C67-A374-D2C11441A793}
		{96CA40E9-2E08-4D71-807A-221ABC5B59E0} = {0391A96A-0375-4C67-A374-D2C11441A793}
		{BE147BA0-E0A4-4EE3-BC59-1D9E076499DB} = {0391A96A-0375-4C67-A374-D2C11441A793}
	EndGlobalSection
EndGlobal
